
Microsoft Visual Studio Solution File, Format Version 12.00
# Visual Studio Version 17
VisualStudioVersion = 17.11.35312.102
MinimumVisualStudioVersion = 10.0.40219.1
Project("{FAE04EC0-301F-11D3-BF4B-00C04F79EFBC}") = "MemgraphApplication", "MemgraphApplication\MemgraphApplication.csproj", "{80755004-4CCD-44BE-9A9D-AA0B7A35641E}"
EndProject
Global
	GlobalSection(SolutionConfigurationPlatforms) = preSolution
		Debug|Any CPU = Debug|Any CPU
		Release|Any CPU = Release|Any CPU
	EndGlobalSection
	GlobalSection(ProjectConfigurationPlatforms) = postSolution
		{80755004-4CCD-44BE-9A9D-AA0B7A35641E}.Debug|Any CPU.ActiveCfg = Debug|Any CPU
		{80755004-4CCD-44BE-9A9D-AA0B7A35641E}.Debug|Any CPU.Build.0 = Debug|Any CPU
		{80755004-4CCD-44BE-9A9D-AA0B7A35641E}.Release|Any CPU.ActiveCfg = Release|Any CPU
		{80755004-4CCD-44BE-9A9D-AA0B7A35641E}.Release|Any CPU.Build.0 = Release|Any CPU
	EndGlobalSection
	GlobalSection(SolutionProperties) = preSolution
		HideSolutionNode = FALSE
	EndGlobalSection
	GlobalSection(ExtensibilityGlobals) = postSolution
		SolutionGuid = {D75CF8EF-294D-4CEF-BA78-D373A60C9D2C}
	EndGlobalSection
EndGlobal
